[[package]]
name = "aniso8601"
version = "7.0.0"
description = "A library for parsing ISO 8601 strings."
category = "main"
optional = false
python-versions = "*"

[[package]]
name = "django"
version = "2.2.18"
description = "A high-level Python Web framework that encourages rapid development and clean, pragmatic design."
category = "main"
optional = false
python-versions = ">=3.5"

[package.dependencies]
pytz = "*"
sqlparse = ">=0.2.2"

[package.extras]
argon2 = ["argon2-cffi (>=16.1.0)"]
bcrypt = ["bcrypt"]

[[package]]
name = "django-graphql-jwt"
version = "0.2.2"
description = "JSON Web Token for Django GraphQL"
category = "main"
optional = false
python-versions = "*"

[package.dependencies]
Django = ">=1.11"
graphene-django = ">=2.0.0"
graphql-core = ">=2.1"
PyJWT = ">=1.5.0"

[[package]]
name = "djangorestframework"
version = "3.10.2"
description = "Web APIs for Django, made easy."
category = "main"
optional = false
python-versions = ">=3.5"

[[package]]
name = "graphene"
version = "2.1.8"
description = "GraphQL Framework for Python"
category = "main"
optional = false
python-versions = "*"

[package.dependencies]
aniso8601 = ">=3,<=7"
graphql-core = ">=2.1,<3"
graphql-relay = ">=2,<3"
six = ">=1.10.0,<2"

[package.extras]
django = ["graphene-django"]
sqlalchemy = ["graphene-sqlalchemy"]
test = ["pytest", "pytest-benchmark", "pytest-cov", "pytest-mock", "snapshottest", "coveralls", "promise", "six", "mock", "pytz", "iso8601"]

[[package]]
name = "graphene-django"
version = "2.5.0"
description = "Graphene Django integration"
category = "main"
optional = false
python-versions = "*"

[package.dependencies]
Django = ">=1.11"
graphene = ">=2.1.3,<3"
graphql-core = ">=2.1.0,<3"
promise = ">=2.1"
singledispatch = ">=3.4.0.3"
six = ">=1.10.0"

[package.extras]
dev = ["black (==19.3b0)", "flake8 (==3.7.7)", "flake8-black (==0.1.0)", "flake8-bugbear (==19.3.0)", "pytest (>=3.6.3)", "pytest-cov", "coveralls", "mock", "pytz", "pytest-django (>=3.3.2)", "djangorestframework (>=3.6.3)", "django-filter (<2)", "django-filter (>=2)"]
rest_framework = ["djangorestframework (>=3.6.3)"]
test = ["pytest (>=3.6.3)", "pytest-cov", "coveralls", "mock", "pytz", "pytest-django (>=3.3.2)", "djangorestframework (>=3.6.3)", "django-filter (<2)", "django-filter (>=2)"]

[[package]]
name = "graphql-core"
version = "2.2.1"
description = "GraphQL implementation for Python"
category = "main"
optional = false
python-versions = "*"

[package.dependencies]
promise = ">=2.1"
rx = ">=1.6,<3"
six = ">=1.10.0"

[package.extras]
gevent = ["gevent (>=1.1)"]
test = ["pytest (>=3.3,<4.0)", "pytest-django (==2.9.1)", "pytest-cov (==2.3.1)", "coveralls", "gevent (>=1.1)", "six (>=1.10.0)", "pytest-benchmark (==3.0.0)", "pytest-mock (==1.2)"]

[[package]]
name = "graphql-relay"
version = "2.0.0"
description = "Relay implementation for Python"
category = "main"
optional = false
python-versions = "*"

[package.dependencies]
graphql-core = ">=2.2,<3"
promise = ">=2.2,<3"
six = ">=1.12"

[[package]]
name = "gunicorn"
version = "19.9.0"
description = "WSGI HTTP Server for UNIX"
category = "main"
optional = false
python-versions = ">=2.6, !=3.0.*, !=3.1.*"

[package.extras]
eventlet = ["eventlet (>=0.9.7)"]
gevent = ["gevent (>=0.13)"]
tornado = ["tornado (>=0.2)"]

[[package]]
name = "promise"
version = "2.2.1"
description = "Promises/A+ implementation for Python"
category = "main"
optional = false
python-versions = "*"

[package.dependencies]
six = "*"

[package.extras]
test = ["coveralls", "futures", "mock", "pytest (>=2.7.3)", "pytest-benchmark", "pytest-cov"]

[[package]]
name = "pyjwt"
version = "1.7.1"
description = "JSON Web Token implementation in Python"
category = "main"
optional = false
python-versions = "*"

[package.extras]
crypto = ["cryptography (>=1.4)"]
flake8 = ["flake8", "flake8-import-order", "pep8-naming"]
test = ["pytest (>=4.0.1,<5.0.0)", "pytest-cov (>=2.6.0,<3.0.0)", "pytest-runner (>=4.2,<5.0.0)"]

[[package]]
name = "pytz"
version = "2019.2"
description = "World timezone definitions, modern and historical"
category = "main"
optional = false
python-versions = "*"

[[package]]
name = "rx"
version = "1.6.1"
description = "Reactive Extensions (Rx) for Python"
category = "main"
optional = false
python-versions = "*"

[[package]]
name = "singledispatch"
version = "3.4.0.3"
description = "This library brings functools.singledispatch from Python 3.4 to Python 2.6-3.3."
category = "main"
optional = false
python-versions = "*"

[package.dependencies]
six = "*"

[[package]]
name = "six"
version = "1.12.0"
description = "Python 2 and 3 compatibility utilities"
category = "main"
optional = false
python-versions = ">=2.6, !=3.0.*, !=3.1.*"

[[package]]
name = "sqlparse"
version = "0.3.0"
description = "Non-validating SQL parser"
category = "main"
optional = false
python-versions = ">=2.7, !=3.0.*, !=3.1.*, !=3.2.*, !=3.3.*"

[metadata]
lock-version = "1.1"
python-versions = "^3.7"
content-hash = "e13b9af2c5cd1347249fc001398198356c4f343bbfc8dce354dd0ccb694aeb04"

[metadata.files]
aniso8601 = [
    {file = "aniso8601-7.0.0-py2.py3-none-any.whl", hash = "sha256:d10a4bf949f619f719b227ef5386e31f49a2b6d453004b21f02661ccc8670c7b"},
    {file = "aniso8601-7.0.0.tar.gz", hash = "sha256:513d2b6637b7853806ae79ffaca6f3e8754bdd547048f5ccc1420aec4b714f1e"},
]
django = [
    {file = "Django-2.2.18-py3-none-any.whl", hash = "sha256:0eaca08f236bf502a9773e53623f766cc3ceee6453cc41e6de1c8b80f07d2364"},
    {file = "Django-2.2.18.tar.gz", hash = "sha256:c9c994f5e0a032cbd45089798b52e4080f4dea7241c58e3e0636c54146480bb4"},
]
django-graphql-jwt = [
    {file = "django-graphql-jwt-0.2.2.tar.gz", hash = "sha256:688c1e6a69f9715471fc250521ca5675c71af3f1159a629089c20cb3db0e2ba7"},
    {file = "django_graphql_jwt-0.2.2-py2.py3-none-any.whl", hash = "sha256:a189459086e97f2ff49203e9041f1f3d4b2a9502f02571d4e0087cc91b2cecd7"},
]
djangorestframework = [
    {file = "djangorestframework-3.10.2-py3-none-any.whl", hash = "sha256:42979bd5441bb4d8fd69d0f385024a114c3cae7df0f110600b718751250f6929"},
    {file = "djangorestframework-3.10.2.tar.gz", hash = "sha256:aedb48010ebfab9651aaab1df5fd3b4848eb4182afc909852a2110c24f89a359"},
]
graphene = [
    {file = "graphene-2.1.8-py2.py3-none-any.whl", hash = "sha256:09165f03e1591b76bf57b133482db9be6dac72c74b0a628d3c93182af9c5a896"},
    {file = "graphene-2.1.8.tar.gz", hash = "sha256:2cbe6d4ef15cfc7b7805e0760a0e5b80747161ce1b0f990dfdc0d2cf497c12f9"},
]
graphene-django = [
    {file = "graphene-django-2.5.0.tar.gz", hash = "sha256:25f2bdf41e30bc7b860c1c13bfb4ba5c3961712394f16e847d79a69fc25a06b1"},
    {file = "graphene_django-2.5.0-py2.py3-none-any.whl", hash = "sha256:d75b3e468d8d765d5964bc809e403b44bf7c37556c0464230a5083bccf14581b"},
]
graphql-core = [
    {file = "graphql-core-2.2.1.tar.gz", hash = "sha256:da64c472d720da4537a2e8de8ba859210b62841bd47a9be65ca35177f62fe0e4"},
    {file = "graphql_core-2.2.1-py2.py3-none-any.whl", hash = "sha256:1488f2a5c2272dc9ba66e3042a6d1c30cea0db4c80bd1e911c6791ad6187d91b"},
]
graphql-relay = [
    {file = "graphql-relay-2.0.0.tar.gz", hash = "sha256:7fa74661246e826ef939ee92e768f698df167a7617361ab399901eaebf80dce6"},
    {file = "graphql_relay-2.0.0-py2-none-any.whl", hash = "sha256:0e94201af4089e1f81f07d7bd8f84799768e39d70fa1ea16d1df505b46cc6335"},
    {file = "graphql_relay-2.0.0-py3-none-any.whl", hash = "sha256:75aa0758971e252964cb94068a4decd472d2a8295229f02189e3cbca1f10dbb5"},
]
gunicorn = [
    {file = "gunicorn-19.9.0-py2.py3-none-any.whl", hash = "sha256:aa8e0b40b4157b36a5df5e599f45c9c76d6af43845ba3b3b0efe2c70473c2471"},
    {file = "gunicorn-19.9.0.tar.gz", hash = "sha256:fa2662097c66f920f53f70621c6c58ca4a3c4d3434205e608e121b5b3b71f4f3"},
]
promise = [
    {file = "promise-2.2.1-py2-none-any.whl", hash = "sha256:2ebbfc10b7abf6354403ed785fe4f04b9dfd421eb1a474ac8d187022228332af"},
    {file = "promise-2.2.1.tar.gz", hash = "sha256:348f5f6c3edd4fd47c9cd65aed03ac1b31136d375aa63871a57d3e444c85655c"},
]
pyjwt = [
    {file = "PyJWT-1.7.1-py2.py3-none-any.whl", hash = "sha256:5c6eca3c2940464d106b99ba83b00c6add741c9becaec087fb7ccdefea71350e"},
    {file = "PyJWT-1.7.1.tar.gz", hash = "sha256:8d59a976fb773f3e6a39c85636357c4f0e242707394cadadd9814f5cbaa20e96"},
]
pytz = [
    {file = "pytz-2019.2-py2.py3-none-any.whl", hash = "sha256:c894d57500a4cd2d5c71114aaab77dbab5eabd9022308ce5ac9bb93a60a6f0c7"},
    {file = "pytz-2019.2.tar.gz", hash = "sha256:26c0b32e437e54a18161324a2fca3c4b9846b74a8dccddd843113109e1116b32"},
]
rx = [
    {file = "Rx-1.6.1-py2.py3-none-any.whl", hash = "sha256:7357592bc7e881a95e0c2013b73326f704953301ab551fbc8133a6fadab84105"},
    {file = "Rx-1.6.1.tar.gz", hash = "sha256:13a1d8d9e252625c173dc795471e614eadfe1cf40ffc684e08b8fff0d9748c23"},
]
singledispatch = [
    {file = "singledispatch-3.4.0.3-py2.py3-none-any.whl", hash = "sha256:833b46966687b3de7f438c761ac475213e53b306740f1abfaa86e1d1aae56aa8"},
    {file = "singledispatch-3.4.0.3.tar.gz", hash = "sha256:5b06af87df13818d14f08a028e42f566640aef80805c3b50c5056b086e3c2b9c"},
]
six = [
    {file = "six-1.12.0-py2.py3-none-any.whl", hash = "sha256:3350809f0555b11f552448330d0b52d5f24c91a322ea4a15ef22629740f3761c"},
    {file = "six-1.12.0.tar.gz", hash = "sha256:d16a0141ec1a18405cd4ce8b4613101da75da0e9a7aec5bdd4fa804d0e0eba73"},
]
sqlparse = [
    {file = "sqlparse-0.3.0-py2.py3-none-any.whl", hash = "sha256:40afe6b8d4b1117e7dff5504d7a8ce07d9a1b15aeeade8a2d10f130a834f8177"},
    {file = "sqlparse-0.3.0.tar.gz", hash = "sha256:7c3dca29c022744e95b547e867cee89f4fce4373f3549ccd8797d8eb52cdb873"},
]
